Microsoft Visual Studio Solution File, Format Version 12.00
# Visual Studio Version 17
VisualStudioVersion = 17.13.35931.197
MinimumVisualStudioVersion = 10.0.40219.1
Project("{911E67C6-3D85-4FCE-B560-20A9C3E3FF48}") = "downloader2", "..\..\..\..\Program Files (x86)\Real\RealPlayer\downloader2.exe", "{395630D0-C946-CF1D-CC13-49A71CCAF222}"
	ProjectSection(DebuggerProjectSystem) = preProject
		PortSupplier = 00000000-0000-0000-0000-000000000000
		Executable = C:\Program Files (x86)\Real\RealPlayer\downloader2.exe
		RemoteMachine = ACER
		StartingDirectory = C:\Program Files (x86)\Real\RealPlayer
		Environment = Standard
		LaunchingEngine = 00000000-0000-0000-0000-000000000000
		UseLegacyDebugEngines = No
		LaunchSQLEngine = No
		AttachLaunchAction = No
		IORedirection = Auto
	EndProjectSection
EndProject
Global
	GlobalSection(SolutionConfigurationPlatforms) = preSolution
		Release|x86 = Release|x86
	EndGlobalSection
	GlobalSection(ProjectConfigurationPlatforms) = postSolution
		{395630D0-C946-CF1D-CC13-49A71CCAF222}.Release|x86.ActiveCfg = Release|x86
	EndGlobalSection
	GlobalSection(SolutionProperties) = preSolution
		HideSolutionNode = FALSE
	EndGlobalSection
	GlobalSection(ExtensibilityGlobals) = postSolution
		SolutionGuid = {E84AAC9D-B3A3-4287-8AB7-61A45A358E4E}
	EndGlobalSection
EndGlobal
